// !$*UTF8*$!
{
	archiveVersion = 1;
	classes = {
	};
	objectVersion = 50;
	objects = {

/* Begin PBXBuildFile section */
		841F4B4823FBD9FC00664EBA /* AppDelegate.swift in Sources */ = {isa = PBXBuildFile; fileRef = 841F4B4723FBD9FC00664EBA /* AppDelegate.swift */; };
		841F4B4A23FBD9FC00664EBA /* SceneDelegate.swift in Sources */ = {isa = PBXBuildFile; fileRef = 841F4B4923FBD9FC00664EBA /* SceneDelegate.swift */; };
		841F4B4C23FBD9FC00664EBA /* SearchViewController.swift in Sources */ = {isa = PBXBuildFile; fileRef = 841F4B4B23FBD9FC00664EBA /* SearchViewController.swift */; };
		841F4B4F23FBD9FC00664EBA /* Main.storyboard in Resources */ = {isa = PBXBuildFile; fileRef = 841F4B4D23FBD9FC00664EBA /* Main.storyboard */; };
		841F4B5223FBD9FC00664EBA /* TestAppIOS.xcdatamodeld in Sources */ = {isa = PBXBuildFile; fileRef = 841F4B5023FBD9FC00664EBA /* TestAppIOS.xcdatamodeld */; };
		841F4B5423FBDA0200664EBA /* Assets.xcassets in Resources */ = {isa = PBXBuildFile; fileRef = 841F4B5323FBDA0200664EBA /* Assets.xcassets */; };
		841F4B5723FBDA0200664EBA /* LaunchScreen.storyboard in Resources */ = {isa = PBXBuildFile; fileRef = 841F4B5523FBDA0200664EBA /* LaunchScreen.storyboard */; };
		841F4B6123FBDBB200664EBA /* Utils.swift in Sources */ = {isa = PBXBuildFile; fileRef = 841F4B6023FBDBB200664EBA /* Utils.swift */; };
		841F4B6323FBDBFF00664EBA /* Film.swift in Sources */ = {isa = PBXBuildFile; fileRef = 841F4B6223FBDBFF00664EBA /* Film.swift */; };
		841F4B6523FBDC4C00664EBA /* Network.swift in Sources */ = {isa = PBXBuildFile; fileRef = 841F4B6423FBDC4C00664EBA /* Network.swift */; };
		841F4B6723FBE6E900664EBA /* DetailViewController.swift in Sources */ = {isa = PBXBuildFile; fileRef = 841F4B6623FBE6E900664EBA /* DetailViewController.swift */; };
/* End PBXBuildFile section */

/* Begin PBXFileReference section */
		841F4B4423FBD9FC00664EBA /* TestAppIOS.app */ = {isa = PBXFileReference; explicitFileType = wrapper.application; includeInIndex = 0; path = TestAppIOS.app; sourceTree = BUILT_PRODUCTS_DIR; };
		841F4B4723FBD9FC00664EBA /* AppDelegate.swift */ = {isa = PBXFileReference; lastKnownFileType = sourcecode.swift; path = AppDelegate.swift; sourceTree = "<group>"; };
		841F4B4923FBD9FC00664EBA /* SceneDelegate.swift */ = {isa = PBXFileReference; lastKnownFileType = sourcecode.swift; path = SceneDelegate.swift; sourceTree = "<group>"; };
		841F4B4B23FBD9FC00664EBA /* SearchViewController.swift */ = {isa = PBXFileReference; lastKnownFileType = sourcecode.swift; path = SearchViewController.swift; sourceTree = "<group>"; };
		841F4B4E23FBD9FC00664EBA /* Base */ = {isa = PBXFileReference; lastKnownFileType = file.storyboard; name = Base; path = Base.lproj/Main.storyboard; sourceTree = "<group>"; };
		841F4B5123FBD9FC00664EBA /* TestAppIOS.xcdatamodel */ = {isa = PBXFileReference; lastKnownFileType = wrapper.xcdatamodel; path = TestAppIOS.xcdatamodel; sourceTree = "<group>"; };
		841F4B5323FBDA0200664EBA /* Assets.xcassets */ = {isa = PBXFileReference; lastKnownFileType = folder.assetcatalog; path = Assets.xcassets; sourceTree = "<group>"; };
		841F4B5623FBDA0200664EBA /* Base */ = {isa = PBXFileReference; lastKnownFileType = file.storyboard; name = Base; path = Base.lproj/LaunchScreen.storyboard; sourceTree = "<group>"; };
		841F4B5823FBDA0200664EBA /* Info.plist */ = {isa = PBXFileReference; lastKnownFileType = text.plist.xml; path = Info.plist; sourceTree = "<group>"; };
		841F4B6023FBDBB200664EBA /* Utils.swift */ = {isa = PBXFileReference; lastKnownFileType = sourcecode.swift; path = Utils.swift; sourceTree = "<group>"; };
		841F4B6223FBDBFF00664EBA /* Film.swift */ = {isa = PBXFileReference; lastKnownFileType = sourcecode.swift; path = Film.swift; sourceTree = "<group>"; };
		841F4B6423FBDC4C00664EBA /* Network.swift */ = {isa = PBXFileReference; lastKnownFileType = sourcecode.swift; path = Network.swift; sourceTree = "<group>"; };
		841F4B6623FBE6E900664EBA /* DetailViewController.swift */ = {isa = PBXFileReference; lastKnownFileType = sourcecode.swift; path = DetailViewController.swift; sourceTree = "<group>"; };
/* End PBXFileReference section */

/* Begin PBXFrameworksBuildPhase section */
		841F4B4123FBD9FC00664EBA /* Frameworks */ = {
			isa = PBXFrameworksBuildPhase;
			buildActionMask = 2147483647;
			files = (
			);
			runOnlyForDeploymentPostprocessing = 0;
		};
/* End PBXFrameworksBuildPhase section */

/* Begin PBXGroup section */
		841F4B3B23FBD9FB00664EBA = {
			isa = PBXGroup;
			children = (
				841F4B4623FBD9FC00664EBA /* TestAppIOS */,
				841F4B4523FBD9FC00664EBA /* Products */,
			);
			sourceTree = "<group>";
		};
		841F4B4523FBD9FC00664EBA /* Products */ = {
			isa = PBXGroup;
			children = (
				841F4B4423FBD9FC00664EBA /* TestAppIOS.app */,
			);
			name = Products;
			sourceTree = "<group>";
		};
		841F4B4623FBD9FC00664EBA /* TestAppIOS */ = {
			isa = PBXGroup;
			children = (
				841F4B5F23FBDB9000664EBA /* Model */,
				841F4B5E23FBDB8400664EBA /* Utils */,
				841F4B4723FBD9FC00664EBA /* AppDelegate.swift */,
				841F4B4923FBD9FC00664EBA /* SceneDelegate.swift */,
				841F4B4B23FBD9FC00664EBA /* SearchViewController.swift */,
				841F4B6623FBE6E900664EBA /* DetailViewController.swift */,
				841F4B4D23FBD9FC00664EBA /* Main.storyboard */,
				841F4B5323FBDA0200664EBA /* Assets.xcassets */,
				841F4B5523FBDA0200664EBA /* LaunchScreen.storyboard */,
				841F4B5823FBDA0200664EBA /* Info.plist */,
				841F4B5023FBD9FC00664EBA /* TestAppIOS.xcdatamodeld */,
			);
			path = TestAppIOS;
			sourceTree = "<group>";
		};
		841F4B5E23FBDB8400664EBA /* Utils */ = {
			isa = PBXGroup;
			children = (
				841F4B6023FBDBB200664EBA /* Utils.swift */,
				841F4B6423FBDC4C00664EBA /* Network.swift */,
			);
			path = Utils;
			sourceTree = "<group>";
		};
		841F4B5F23FBDB9000664EBA /* Model */ = {
			isa = PBXGroup;
			children = (
				841F4B6223FBDBFF00664EBA /* Film.swift */,
			);
			path = Model;
			sourceTree = "<group>";
		};
/* End PBXGroup section */

/* Begin PBXNativeTarget section */
		841F4B4323FBD9FC00664EBA /* TestAppIOS */ = {
			isa = PBXNativeTarget;
			buildConfigurationList = 841F4B5B23FBDA0200664EBA /* Build configuration list for PBXNativeTarget "TestAppIOS" */;
			buildPhases = (
				841F4B4023FBD9FC00664EBA /* Sources */,
				841F4B4123FBD9FC00664EBA /* Frameworks */,
				841F4B4223FBD9FC00664EBA /* Resources */,
			);
			buildRules = (
			);
			dependencies = (
			);
			name = TestAppIOS;
			productName = TestAppIOS;
			productReference = 841F4B4423FBD9FC00664EBA /* TestAppIOS.app */;
			productType = "com.apple.product-type.application";
		};
/* End PBXNativeTarget section */

/* Begin PBXProject section */
		841F4B3C23FBD9FB00664EBA /* Project object */ = {
			isa = PBXProject;
			attributes = {
				LastSwiftUpdateCheck = 1130;
				LastUpgradeCheck = 1130;
				ORGANIZATIONNAME = Admin;
				TargetAttributes = {
					841F4B4323FBD9FC00664EBA = {
						CreatedOnToolsVersion = 11.3.1;
					};
				};
			};
			buildConfigurationList = 841F4B3F23FBD9FC00664EBA /* Build configuration list for PBXProject "TestAppIOS" */;
			compatibilityVersion = "Xcode 9.3";
			developmentRegion = en;
			hasScannedForEncodings = 0;
			knownRegions = (
				en,
				Base,
			);
			mainGroup = 841F4B3B23FBD9FB00664EBA;
			productRefGroup = 841F4B4523FBD9FC00664EBA /* Products */;
			projectDirPath = "";
			projectRoot = "";
			targets = (
				841F4B4323FBD9FC00664EBA /* TestAppIOS */,
			);
		};
/* End PBXProject section */

/* Begin PBXResourcesBuildPhase section */
		841F4B4223FBD9FC00664EBA /* Resources */ = {
			isa = PBXResourcesBuildPhase;
			buildActionMask = 2147483647;
			files = (
				841F4B5723FBDA0200664EBA /* LaunchScreen.storyboard in Resources */,
				841F4B5423FBDA0200664EBA /* Assets.xcassets in Resources */,
				841F4B4F23FBD9FC00664EBA /* Main.storyboard in Resources */,
			);
			runOnlyForDeploymentPostprocessing = 0;
		};
/* End PBXResourcesBuildPhase section */

/* Begin PBXSourcesBuildPhase section */
		841F4B4023FBD9FC00664EBA /* Sources */ = {
			isa = PBXSourcesBuildPhase;
			buildActionMask = 2147483647;
			files = (
				841F4B6123FBDBB200664EBA /* Utils.swift in Sources */,
				841F4B6323FBDBFF00664EBA /* Film.swift in Sources */,
				841F4B4C23FBD9FC00664EBA /* SearchViewController.swift in Sources */,
				841F4B4823FBD9FC00664EBA /* AppDelegate.swift in Sources */,
				841F4B4A23FBD9FC00664EBA /* SceneDelegate.swift in Sources */,
				841F4B6523FBDC4C00664EBA /* Network.swift in Sources */,
				841F4B5223FBD9FC00664EBA /* TestAppIOS.xcdatamodeld in Sources */,
				841F4B6723FBE6E900664EBA /* DetailViewController.swift in Sources */,
			);
			runOnlyForDeploymentPostprocessing = 0;
		};
/* End PBXSourcesBuildPhase section */

/* Begin PBXVariantGroup section */
		841F4B4D23FBD9FC00664EBA /* Main.storyboard */ = {
			isa = PBXVariantGroup;
			children = (
				841F4B4E23FBD9FC00664EBA /* Base */,
			);
			name = Main.storyboard;
			sourceTree = "<group>";
		};
		841F4B5523FBDA0200664EBA /* LaunchScreen.storyboard */ = {
			isa = PBXVariantGroup;
			children = (
				841F4B5623FBDA0200664EBA /* Base */,
			);
			name = LaunchScreen.storyboard;
			sourceTree = "<group>";
		};
/* End PBXVariantGroup section */

/* Begin XCBuildConfiguration section */
		841F4B5923FBDA0200664EBA /* Debug */ = {
			isa = XCBuildConfiguration;
			buildSettings = {
				ALWAYS_SEARCH_USER_PATHS = NO;
				CLANG_ANALYZER_NONNULL = YES;
				CLANG_ANALYZER_NUMBER_OBJECT_CONVERSION = YES_AGGRESSIVE;
				CLANG_CXX_LANGUAGE_STANDARD = "gnu++14";
				CLANG_CXX_LIBRARY = "libc++";
				CLANG_ENABLE_MODULES = YES;
				CLANG_ENABLE_OBJC_ARC = YES;
				CLANG_ENABLE_OBJC_WEAK = YES;
				CLANG_WARN_BLOCK_CAPTURE_AUTORELEASING = YES;
				CLANG_WARN_BOOL_CONVERSION = YES;
				CLANG_WARN_COMMA = YES;
				CLANG_WARN_CONSTANT_CONVERSION = YES;
				CLANG_WARN_DEPRECATED_OBJC_IMPLEMENTATIONS = YES;
				CLANG_WARN_DIRECT_OBJC_ISA_USAGE = YES_ERROR;
				CLANG_WARN_DOCUMENTATION_COMMENTS = YES;
				CLANG_WARN_EMPTY_BODY = YES;
				CLANG_WARN_ENUM_CONVERSION = YES;
				CLANG_WARN_INFINITE_RECURSION = YES;
				CLANG_WARN_INT_CONVERSION = YES;
				CLANG_WARN_NON_LITERAL_NULL_CONVERSION = YES;
				CLANG_WARN_OBJC_IMPLICIT_RETAIN_SELF = YES;
				CLANG_WARN_OBJC_LITERAL_CONVERSION = YES;
				CLANG_WARN_OBJC_ROOT_CLASS = YES_ERROR;
				CLANG_WARN_RANGE_LOOP_ANALYSIS = YES;
				CLANG_WARN_STRICT_PROTOTYPES = YES;
				CLANG_WARN_SUSPICIOUS_MOVE = YES;
				CLANG_WARN_UNGUARDED_AVAILABILITY = YES_AGGRESSIVE;
				CLANG_WARN_UNREACHABLE_CODE = YES;
				CLANG_WARN__DUPLICATE_METHOD_MATCH = YES;
				COPY_PHASE_STRIP = NO;
				DEBUG_INFORMATION_FORMAT = dwarf;
				ENABLE_STRICT_OBJC_MSGSEND = YES;
				ENABLE_TESTABILITY = YES;
				GCC_C_LANGUAGE_STANDARD = gnu11;
				GCC_DYNAMIC_NO_PIC = NO;
				GCC_NO_COMMON_BLOCKS = YES;
				GCC_OPTIMIZATION_LEVEL = 0;
				GCC_PREPROCESSOR_DEFINITIONS = (
					"DEBUG=1",
					"$(inherited)",
				);
				GCC_WARN_64_TO_32_BIT_CONVERSION = YES;
				GCC_WARN_ABOUT_RETURN_TYPE = YES_ERROR;
				GCC_WARN_UNDECLARED_SELECTOR = YES;
				GCC_WARN_UNINITIALIZED_AUTOS = YES_AGGRESSIVE;
				GCC_WARN_UNUSED_FUNCTION = YES;
				GCC_WARN_UNUSED_VARIABLE = YES;
				IPHONEOS_DEPLOYMENT_TARGET = 13.2;
				MTL_ENABLE_DEBUG_INFO = INCLUDE_SOURCE;
				MTL_FAST_MATH = YES;
				ONLY_ACTIVE_ARCH = YES;
				SDKROOT = iphoneos;
				SWIFT_ACTIVE_COMPILATION_CONDITIONS = DEBUG;
				SWIFT_OPTIMIZATION_LEVEL = "-Onone";
			};
			name = Debug;
		};
		841F4B5A23FBDA0200664EBA /* Release */ = {
			isa = XCBuildConfiguration;
			buildSettings = {
				ALWAYS_SEARCH_USER_PATHS = NO;
				CLANG_ANALYZER_NONNULL = YES;
				CLANG_ANALYZER_NUMBER_OBJECT_CONVERSION = YES_AGGRESSIVE;
				CLANG_CXX_LANGUAGE_STANDARD = "gnu++14";
				CLANG_CXX_LIBRARY = "libc++";
				CLANG_ENABLE_MODULES = YES;
				CLANG_ENABLE_OBJC_ARC = YES;
				CLANG_ENABLE_OBJC_WEAK = YES;
				CLANG_WARN_BLOCK_CAPTURE_AUTORELEASING = YES;
				CLANG_WARN_BOOL_CONVERSION = YES;
				CLANG_WARN_COMMA = YES;
				CLANG_WARN_CONSTANT_CONVERSION = YES;
				CLANG_WARN_DEPRECATED_OBJC_IMPLEMENTATIONS = YES;
				CLANG_WARN_DIRECT_OBJC_ISA_USAGE = YES_ERROR;
				CLANG_WARN_DOCUMENTATION_COMMENTS = YES;
				CLANG_WARN_EMPTY_BODY = YES;
				CLANG_WARN_ENUM_CONVERSION = YES;
				CLANG_WARN_INFINITE_RECURSION = YES;
				CLANG_WARN_INT_CONVERSION = YES;
				CLANG_WARN_NON_LITERAL_NULL_CONVERSION = YES;
				CLANG_WARN_OBJC_IMPLICIT_RETAIN_SELF = YES;
				CLANG_WARN_OBJC_LITERAL_CONVERSION = YES;
				CLANG_WARN_OBJC_ROOT_CLASS = YES_ERROR;
				CLANG_WARN_RANGE_LOOP_ANALYSIS = YES;
				CLANG_WARN_STRICT_PROTOTYPES = YES;
				CLANG_WARN_SUSPICIOUS_MOVE = YES;
				CLANG_WARN_UNGUARDED_AVAILABILITY = YES_AGGRESSIVE;
				CLANG_WARN_UNREACHABLE_CODE = YES;
				CLANG_WARN__DUPLICATE_METHOD_MATCH = YES;
				COPY_PHASE_STRIP = NO;
				DEBUG_INFORMATION_FORMAT = "dwarf-with-dsym";
				ENABLE_NS_ASSERTIONS = NO;
				ENABLE_STRICT_OBJC_MSGSEND = YES;
				GCC_C_LANGUAGE_STANDARD = gnu11;
				GCC_NO_COMMON_BLOCKS = YES;
				GCC_WARN_64_TO_32_BIT_CONVERSION = YES;
				GCC_WARN_ABOUT_RETURN_TYPE = YES_ERROR;
				GCC_WARN_UNDECLARED_SELECTOR = YES;
				GCC_WARN_UNINITIALIZED_AUTOS = YES_AGGRESSIVE;
				GCC_WARN_UNUSED_FUNCTION = YES;
				GCC_WARN_UNUSED_VARIABLE = YES;
				IPHONEOS_DEPLOYMENT_TARGET = 13.2;
				MTL_ENABLE_DEBUG_INFO = NO;
				MTL_FAST_MATH = YES;
				SDKROOT = iphoneos;
				SWIFT_COMPILATION_MODE = wholemodule;
				SWIFT_OPTIMIZATION_LEVEL = "-O";
				VALIDATE_PRODUCT = YES;
			};
			name = Release;
		};
		841F4B5C23FBDA0200664EBA /* Debug */ = {
			isa = XCBuildConfiguration;
			buildSettings = {
				ASSETCATALOG_COMPILER_APPICON_NAME = AppIcon;
				CODE_SIGN_STYLE = Automatic;
				INFOPLIST_FILE = TestAppIOS/Info.plist;
				LD_RUNPATH_SEARCH_PATHS = (
					"$(inherited)",
					"@executable_path/Frameworks",
				);
				PRODUCT_BUNDLE_IDENTIFIER = com.example.ios.TestAppIOS;
				PRODUCT_NAME = "$(TARGET_NAME)";
				SWIFT_VERSION = 5.0;
				TARGETED_DEVICE_FAMILY = "1,2";
			};
			name = Debug;
		};
		841F4B5D23FBDA0200664EBA /* Release */ = {
			isa = XCBuildConfiguration;
			buildSettings = {
				ASSETCATALOG_COMPILER_APPICON_NAME = AppIcon;
				CODE_SIGN_STYLE = Automatic;
				INFOPLIST_FILE = TestAppIOS/Info.plist;
				LD_RUNPATH_SEARCH_PATHS = (
					"$(inherited)",
					"@executable_path/Frameworks",
				);
				PRODUCT_BUNDLE_IDENTIFIER = com.example.ios.TestAppIOS;
				PRODUCT_NAME = "$(TARGET_NAME)";
				SWIFT_VERSION = 5.0;
				TARGETED_DEVICE_FAMILY = "1,2";
			};
			name = Release;
		};
/* End XCBuildConfiguration section */

/* Begin XCConfigurationList section */
		841F4B3F23FBD9FC00664EBA /* Build configuration list for PBXProject "TestAppIOS" */ = {
			isa = XCConfigurationList;
			buildConfigurations = (
				841F4B5923FBDA0200664EBA /* Debug */,
				841F4B5A23FBDA0200664EBA /* Release */,
			);
			defaultConfigurationIsVisible = 0;
			defaultConfigurationName = Release;
		};
		841F4B5B23FBDA0200664EBA /* Build configuration list for PBXNativeTarget "TestAppIOS" */ = {
			isa = XCConfigurationList;
			buildConfigurations = (
				841F4B5C23FBDA0200664EBA /* Debug */,
				841F4B5D23FBDA0200664EBA /* Release */,
			);
			defaultConfigurationIsVisible = 0;
			defaultConfigurationName = Release;
		};
/* End XCConfigurationList section */

/* Begin XCVersionGroup section */
		841F4B5023FBD9FC00664EBA /* TestAppIOS.xcdatamodeld */ = {
			isa = XCVersionGroup;
			children = (
				841F4B5123FBD9FC00664EBA /* TestAppIOS.xcdatamodel */,
			);
			currentVersion = 841F4B5123FBD9FC00664EBA /* TestAppIOS.xcdatamodel */;
			path = TestAppIOS.xcdatamodeld;
			sourceTree = "<group>";
			versionGroupType = wrapper.xcdatamodel;
		};
/* End XCVersionGroup section */
	};
	rootObject = 841F4B3C23FBD9FB00664EBA /* Project object */;
}
